{
  "originHash" : "28befaf4dd662d0deb95f96acba700892c356685fcd0b5d234abb5e8be4504a7",
  "pins" : [
    {
      "identity" : "bettersafariview",
      "kind" : "remoteSourceControl",
      "location" : "https://github.com/stleamist/BetterSafariView",
      "state" : {
        "revision" : "884533749e55949b2566030948c6fdbe2873ed0c",
        "version" : "2.4.2"
      }
    },
    {
      "identity" : "colorfulx",
      "kind" : "remoteSourceControl",
      "location" : "https://github.com/Lakr233/ColorfulX",
      "state" : {
        "revision" : "af739ea2d891afc68ff53b01c701bb72b9ca4a69",
        "version" : "5.8.3"
      }
    },
    {
      "identity" : "colorvector",
      "kind" : "remoteSourceControl",
      "location" : "https://github.com/Lakr233/ColorVector.git",
      "state" : {
        "revision" : "0cd0169f1487d7371ee3fd7fe93f1e918fd93d00",
        "version" : "1.0.5"
      }
    },
    {
      "identity" : "iqkeyboardmanager",
      "kind" : "remoteSourceControl",
      "location" : "https://github.com/hackiftekhar/IQKeyboardManager",
      "state" : {
        "revision" : "c00b1ae9fa1ad8af4465bb6ca901f6943fc98eba",
        "version" : "6.5.16"
      }
    },
    {
      "identity" : "keyboardshortcuts",
      "kind" : "remoteSourceControl",
      "location" : "https://github.com/sindresorhus/KeyboardShortcuts",
      "state" : {
        "revision" : "1aef85578fdd4f9eaeeb8d53b7b4fc31bf08fe27",
        "version" : "2.4.0"
      }
    },
    {
      "identity" : "msdisplaylink",
      "kind" : "remoteSourceControl",
      "location" : "https://github.com/Lakr233/MSDisplayLink.git",
      "state" : {
        "revision" : "1ba3e769b734e456317fa7e45321fa7f53eefb67",
        "version" : "2.1.0"
      }
    },
    {
      "identity" : "neumorphic",
      "kind" : "remoteSourceControl",
      "location" : "https://github.com/gewill/neumorphic.git",
      "state" : {
        "branch" : "master",
        "revision" : "e64d6240415537c0b9a1f289e46b92b592dc94db"
      }
    },
    {
      "identity" : "purchases-ios-spm",
      "kind" : "remoteSourceControl",
      "location" : "https://github.com/RevenueCat/purchases-ios-spm.git",
      "state" : {
        "revision" : "155ea739f45f54189ca83ee9088b373c1415d98b",
        "version" : "5.64.0"
      }
    },
    {
      "identity" : "springinterpolation",
      "kind" : "remoteSourceControl",
      "location" : "https://github.com/Lakr233/SpringInterpolation.git",
      "state" : {
        "revision" : "cdb556516daa9b43c16aae9436dd39e19ff930fd",
        "version" : "1.4.0"
      }
    },
    {
      "identity" : "swiftui-introspect",
      "kind" : "remoteSourceControl",
      "location" : "https://github.com/siteline/swiftui-introspect",
      "state" : {
        "revision" : "807f73ce09a9b9723f12385e592b4e0aaebd3336",
        "version" : "1.3.0"
      }
    },
    {
      "identity" : "swiftuioverlaycontainer",
      "kind" : "remoteSourceControl",
      "location" : "https://github.com/fatbobman/SwiftUIOverlayContainer",
      "state" : {
        "revision" : "64a124ba613adc9f2bb7bf00f5a5e8b22a816d14",
        "version" : "2.4.1"
      }
    },
    {
      "identity" : "swiftuirouter",
      "kind" : "remoteSourceControl",
      "location" : "https://github.com/frzi/SwiftUIRouter.git",
      "state" : {
        "revision" : "e0cb32b54bb429aa43ce30240b0036bf223a62a3",
        "version" : "1.4.0"
      }
    },
    {
      "identity" : "swiftyopencc",
      "kind" : "remoteSourceControl",
      "location" : "https://github.com/gewill/SwiftyOpenCC",
      "state" : {
        "branch" : "master",
        "revision" : "53f200cebe40eade3ebda025b0e8980e08cf23fa"
      }
    },
    {
      "identity" : "swiftyuserdefaults",
      "kind" : "remoteSourceControl",
      "location" : "https://github.com/sunshinejr/SwiftyUserDefaults",
      "state" : {
        "revision" : "f66bcd04088582c8fbb5cb8554d577e303bae396",
        "version" : "5.3.0"
      }
    },
    {
      "identity" : "visualeffects",
      "kind" : "remoteSourceControl",
      "location" : "https://github.com/twostraws/VisualEffects",
      "state" : {
        "revision" : "8ff7f90f9650d9db5774275d0b1f07ef642ecf4d",
        "version" : "1.0.3"
      }
    }
  ],
  "version" : 3
}
